
Microsoft Visual Studio Solution File, Format Version 12.00
# Visual Studio Version 17
VisualStudioVersion = 17.4.33122.133
MinimumVisualStudioVersion = 10.0.40219.1
Project("{FAE04EC0-301F-11D3-BF4B-00C04F79EFBC}") = "TiempodeUnaCervezaDef", "TiempodeUnaCervezaDef\TiempodeUnaCervezaDef.csproj", "{0ED9DF9A-32B8-4A73-8BD7-D4020D86CD63}"
EndProject
Global
	GlobalSection(SolutionConfigurationPlatforms) = preSolution
		Debug|Any CPU = Debug|Any CPU
		Debug|x64 = Debug|x64
		R|Any CPU = R|Any CPU
		R|x64 = R|x64
		Release|Any CPU = Release|Any CPU
		Release|x64 = Release|x64
	EndGlobalSection
	GlobalSection(ProjectConfigurationPlatforms) = postSolution
		{0ED9DF9A-32B8-4A73-8BD7-D4020D86CD63}.Debug|Any CPU.ActiveCfg = Debug|Any CPU
		{0ED9DF9A-32B8-4A73-8BD7-D4020D86CD63}.Debug|Any CPU.Build.0 = Debug|Any CPU
		{0ED9DF9A-32B8-4A73-8BD7-D4020D86CD63}.Debug|x64.ActiveCfg = Debug|x64
		{0ED9DF9A-32B8-4A73-8BD7-D4020D86CD63}.Debug|x64.Build.0 = Debug|x64
		{0ED9DF9A-32B8-4A73-8BD7-D4020D86CD63}.R|Any CPU.ActiveCfg = R|Any CPU
		{0ED9DF9A-32B8-4A73-8BD7-D4020D86CD63}.R|Any CPU.Build.0 = R|Any CPU
		{0ED9DF9A-32B8-4A73-8BD7-D4020D86CD63}.R|x64.ActiveCfg = Release|x64
		{0ED9DF9A-32B8-4A73-8BD7-D4020D86CD63}.R|x64.Build.0 = Release|x64
		{0ED9DF9A-32B8-4A73-8BD7-D4020D86CD63}.Release|Any CPU.ActiveCfg = Release|Any CPU
		{0ED9DF9A-32B8-4A73-8BD7-D4020D86CD63}.Release|Any CPU.Build.0 = Release|Any CPU
		{0ED9DF9A-32B8-4A73-8BD7-D4020D86CD63}.Release|x64.ActiveCfg = Release|x64
		{0ED9DF9A-32B8-4A73-8BD7-D4020D86CD63}.Release|x64.Build.0 = Release|x64
	EndGlobalSection
	GlobalSection(SolutionProperties) = preSolution
		HideSolutionNode = FALSE
	EndGlobalSection
	GlobalSection(ExtensibilityGlobals) = postSolution
		SolutionGuid = {668FAE74-F9BF-4E59-829D-8DCE3988BA3D}
	EndGlobalSection
EndGlobal
